
Microsoft Visual Studio Solution File, Format Version 12.00
# Visual Studio 15
VisualStudioVersion = 15.0.27428.2005
MinimumVisualStudioVersion = 10.0.40219.1
Project("{8BC9CEB8-8B4A-11D0-8D11-00A0C91BC942}") = "classesAdapter", "classesAdapter\classesAdapter.vcxproj", "{E772E7D5-61EE-4742-BCED-570CA620E6CD}"
EndProject
Global
	GlobalSection(SolutionConfigurationPlatforms) = preSolution
		Debug|x64 = Debug|x64
		Debug|x86 = Debug|x86
		Release|x64 = Release|x64
		Release|x86 = Release|x86
	EndGlobalSection
	GlobalSection(ProjectConfigurationPlatforms) = postSolution
		{E772E7D5-61EE-4742-BCED-570CA620E6CD}.Debug|x64.ActiveCfg = Debug|x64
		{E772E7D5-61EE-4742-BCED-570CA620E6CD}.Debug|x64.Build.0 = Debug|x64
		{E772E7D5-61EE-4742-BCED-570CA620E6CD}.Debug|x86.ActiveCfg = Debug|Win32
		{E772E7D5-61EE-4742-BCED-570CA620E6CD}.Debug|x86.Build.0 = Debug|Win32
		{E772E7D5-61EE-4742-BCED-570CA620E6CD}.Release|x64.ActiveCfg = Release|x64
		{E772E7D5-61EE-4742-BCED-570CA620E6CD}.Release|x64.Build.0 = Release|x64
		{E772E7D5-61EE-4742-BCED-570CA620E6CD}.Release|x86.ActiveCfg = Release|Win32
		{E772E7D5-61EE-4742-BCED-570CA620E6CD}.Release|x86.Build.0 = Release|Win32
	EndGlobalSection
	GlobalSection(SolutionProperties) = preSolution
		HideSolutionNode = FALSE
	EndGlobalSection
	GlobalSection(ExtensibilityGlobals) = postSolution
		SolutionGuid = {68519F8D-842A-4264-BC80-F78C62977115}
	EndGlobalSection
EndGlobal
